
Microsoft Visual Studio Solution File, Format Version 12.00
# Visual Studio 15
VisualStudioVersion = 15.0.28307.421
MinimumVisualStudioVersion = 10.0.40219.1
Project("{FAE04EC0-301F-11D3-BF4B-00C04F79EFBC}") = "AdoNet_HW_4", "AdoNet_HW_4\AdoNet_HW_4.csproj", "{FC49A157-692D-4B28-8F74-23C9E5F8D8E5}"
EndProject
Global
	GlobalSection(SolutionConfigurationPlatforms) = preSolution
		Debug|Any CPU = Debug|Any CPU
		Release|Any CPU = Release|Any CPU
	EndGlobalSection
	GlobalSection(ProjectConfigurationPlatforms) = postSolution
		{FC49A157-692D-4B28-8F74-23C9E5F8D8E5}.Debug|Any CPU.ActiveCfg = Debug|Any CPU
		{FC49A157-692D-4B28-8F74-23C9E5F8D8E5}.Debug|Any CPU.Build.0 = Debug|Any CPU
		{FC49A157-692D-4B28-8F74-23C9E5F8D8E5}.Release|Any CPU.ActiveCfg = Release|Any CPU
		{FC49A157-692D-4B28-8F74-23C9E5F8D8E5}.Release|Any CPU.Build.0 = Release|Any CPU
	EndGlobalSection
	GlobalSection(SolutionProperties) = preSolution
		HideSolutionNode = FALSE
	EndGlobalSection
	GlobalSection(ExtensibilityGlobals) = postSolution
		SolutionGuid = {60D1445D-4BAA-4370-B870-0C66E58894FF}
	EndGlobalSection
EndGlobal
